
Microsoft Visual Studio Solution File, Format Version 12.00
# Visual Studio Version 17
VisualStudioVersion = 17.3.32929.385
MinimumVisualStudioVersion = 10.0.40219.1
Project("{FAE04EC0-301F-11D3-BF4B-00C04F79EFBC}") = "191-MOMENT-3", "191-MOMENT-3\191-MOMENT-3.csproj", "{AD92ED21-C4DA-4CB3-9EB0-C4A270D906F8}"
EndProject
Global
	GlobalSection(SolutionConfigurationPlatforms) = preSolution
		Debug|Any CPU = Debug|Any CPU
		Release|Any CPU = Release|Any CPU
	EndGlobalSection
	GlobalSection(ProjectConfigurationPlatforms) = postSolution
		{AD92ED21-C4DA-4CB3-9EB0-C4A270D906F8}.Debug|Any CPU.ActiveCfg = Debug|Any CPU
		{AD92ED21-C4DA-4CB3-9EB0-C4A270D906F8}.Debug|Any CPU.Build.0 = Debug|Any CPU
		{AD92ED21-C4DA-4CB3-9EB0-C4A270D906F8}.Release|Any CPU.ActiveCfg = Release|Any CPU
		{AD92ED21-C4DA-4CB3-9EB0-C4A270D906F8}.Release|Any CPU.Build.0 = Release|Any CPU
	EndGlobalSection
	GlobalSection(SolutionProperties) = preSolution
		HideSolutionNode = FALSE
	EndGlobalSection
	GlobalSection(ExtensibilityGlobals) = postSolution
		SolutionGuid = {33BA0333-95F9-4369-AE85-190AB0D946DB}
	EndGlobalSection
EndGlobal
